// !$*UTF8*$!
{
	archiveVersion = 1;
	classes = {
	};
	objectVersion = 46;
	objects = {

/* Begin PBXBuildFile section */
		AD1BCAEF13951149008EE90E /* blankBar.png in Resources */ = {isa = PBXBuildFile; fileRef = AD1BCAEE13951149008EE90E /* blankBar.png */; };
		AD1BCAF2139511F1008EE90E /* leatherBackground.png in Resources */ = {isa = PBXBuildFile; fileRef = AD1BCAF1139511F1008EE90E /* leatherBackground.png */; };
		AD1BCAF413951704008EE90E /* QuotifyBackgroundColor.png in Resources */ = {isa = PBXBuildFile; fileRef = AD1BCAF313951704008EE90E /* QuotifyBackgroundColor.png */; };
		AD6209CD139088120026C796 /* background.png in Resources */ = {isa = PBXBuildFile; fileRef = AD6209CC139088120026C796 /* background.png */; };
		AD6209D01390885B0026C796 /* cameraButton.png in Resources */ = {isa = PBXBuildFile; fileRef = AD6209CF1390885B0026C796 /* cameraButton.png */; };
		AD6209D2139088FD0026C796 /* QuotifyButton.png in Resources */ = {isa = PBXBuildFile; fileRef = AD6209D1139088FD0026C796 /* QuotifyButton.png */; };
		AD6209D413908B9F0026C796 /* topBar.png in Resources */ = {isa = PBXBuildFile; fileRef = AD6209D313908B9F0026C796 /* topBar.png */; };
		AD6209D613908DEF0026C796 /* app_bg.png in Resources */ = {isa = PBXBuildFile; fileRef = AD6209D513908DEF0026C796 /* app_bg.png */; };
		AD6209D8139092220026C796 /* addButton.png in Resources */ = {isa = PBXBuildFile; fileRef = AD6209D7139092220026C796 /* addButton.png */; };
		AD7CECF9139A92CC003A0A37 /* CoreLocation.framework in Frameworks */ = {isa = PBXBuildFile; fileRef = AD7CECF8139A92CC003A0A37 /* CoreLocation.framework */; };
		AD7CECFC139A934A003A0A37 /* CoreLocationController.m in Sources */ = {isa = PBXBuildFile; fileRef = AD7CECFB139A934A003A0A37 /* CoreLocationController.m */; };
		ADA265101396ACAD00F9155C /* Entitlements.plist in Resources */ = {isa = PBXBuildFile; fileRef = ADA2650F1396ACAD00F9155C /* Entitlements.plist */; };
		ADAEF3851361E9A4002F94A1 /* UIKit.framework in Frameworks */ = {isa = PBXBuildFile; fileRef = ADAEF3841361E9A4002F94A1 /* UIKit.framework */; };
		ADAEF3871361E9A4002F94A1 /* Foundation.framework in Frameworks */ = {isa = PBXBuildFile; fileRef = ADAEF3861361E9A4002F94A1 /* Foundation.framework */; };
		ADAEF3891361E9A4002F94A1 /* CoreGraphics.framework in Frameworks */ = {isa = PBXBuildFile; fileRef = ADAEF3881361E9A4002F94A1 /* CoreGraphics.framework */; };
		ADAEF38F1361E9A4002F94A1 /* InfoPlist.strings in Resources */ = {isa = PBXBuildFile; fileRef = ADAEF38D1361E9A4002F94A1 /* InfoPlist.strings */; };
		ADAEF3921361E9A4002F94A1 /* main.m in Sources */ = {isa = PBXBuildFile; fileRef = ADAEF3911361E9A4002F94A1 /* main.m */; };
		ADAEF3951361E9A4002F94A1 /* QuotifyAppDelegate.m in Sources */ = {isa = PBXBuildFile; fileRef = ADAEF3941361E9A4002F94A1 /* QuotifyAppDelegate.m */; };
		ADAEF3981361E9A4002F94A1 /* MainWindow.xib in Resources */ = {isa = PBXBuildFile; fileRef = ADAEF3961361E9A4002F94A1 /* MainWindow.xib */; };
		ADAEF39B1361E9A4002F94A1 /* QuotifyViewController.m in Sources */ = {isa = PBXBuildFile; fileRef = ADAEF39A1361E9A4002F94A1 /* QuotifyViewController.m */; };
		ADAEF39E1361E9A4002F94A1 /* QuotifyViewController.xib in Resources */ = {isa = PBXBuildFile; fileRef = ADAEF39C1361E9A4002F94A1 /* QuotifyViewController.xib */; };
		ADAEF3A51361E9A5002F94A1 /* UIKit.framework in Frameworks */ = {isa = PBXBuildFile; fileRef = ADAEF3841361E9A4002F94A1 /* UIKit.framework */; };
		ADAEF3A61361E9A5002F94A1 /* Foundation.framework in Frameworks */ = {isa = PBXBuildFile; fileRef = ADAEF3861361E9A4002F94A1 /* Foundation.framework */; };
		ADAEF3A71361E9A5002F94A1 /* CoreGraphics.framework in Frameworks */ = {isa = PBXBuildFile; fileRef = ADAEF3881361E9A4002F94A1 /* CoreGraphics.framework */; };
		ADAEF3AF1361E9A5002F94A1 /* InfoPlist.strings in Resources */ = {isa = PBXBuildFile; fileRef = ADAEF3AD1361E9A5002F94A1 /* InfoPlist.strings */; };
		ADAEF3B21361E9A5002F94A1 /* QuotifyTests.h in Resources */ = {isa = PBXBuildFile; fileRef = ADAEF3B11361E9A5002F94A1 /* QuotifyTests.h */; };
		ADAEF3B41361E9A5002F94A1 /* QuotifyTests.m in Sources */ = {isa = PBXBuildFile; fileRef = ADAEF3B31361E9A5002F94A1 /* QuotifyTests.m */; };
		ADAEF3DB1367BAFC002F94A1 /* Quote.m in Sources */ = {isa = PBXBuildFile; fileRef = ADAEF3DA1367BAFC002F94A1 /* Quote.m */; };
		ADAEF5211367D0B3002F94A1 /* categories.pbxbtree in Resources */ = {isa = PBXBuildFile; fileRef = ADAEF3F41367D0B2002F94A1 /* categories.pbxbtree */; };
		ADAEF5221367D0B3002F94A1 /* cdecls.pbxbtree in Resources */ = {isa = PBXBuildFile; fileRef = ADAEF3F51367D0B2002F94A1 /* cdecls.pbxbtree */; };
		ADAEF5231367D0B3002F94A1 /* decls.pbxbtree in Resources */ = {isa = PBXBuildFile; fileRef = ADAEF3F61367D0B2002F94A1 /* decls.pbxbtree */; };
		ADAEF5241367D0B3002F94A1 /* files.pbxbtree in Resources */ = {isa = PBXBuildFile; fileRef = ADAEF3F71367D0B2002F94A1 /* files.pbxbtree */; };
		ADAEF5251367D0B3002F94A1 /* imports.pbxbtree in Resources */ = {isa = PBXBuildFile; fileRef = ADAEF3F81367D0B2002F94A1 /* imports.pbxbtree */; };
		ADAEF5261367D0B3002F94A1 /* pbxindex.header in Resources */ = {isa = PBXBuildFile; fileRef = ADAEF3F91367D0B2002F94A1 /* pbxindex.header */; };
		ADAEF5271367D0B3002F94A1 /* protocols.pbxbtree in Resources */ = {isa = PBXBuildFile; fileRef = ADAEF3FA1367D0B2002F94A1 /* protocols.pbxbtree */; };
		ADAEF5281367D0B3002F94A1 /* refs.pbxbtree in Resources */ = {isa = PBXBuildFile; fileRef = ADAEF3FB1367D0B2002F94A1 /* refs.pbxbtree */; };
		ADAEF5291367D0B3002F94A1 /* control in Resources */ = {isa = PBXBuildFile; fileRef = ADAEF3FD1367D0B2002F94A1 /* control */; };
		ADAEF52A1367D0B3002F94A1 /* strings in Resources */ = {isa = PBXBuildFile; fileRef = ADAEF3FE1367D0B2002F94A1 /* strings */; };
		ADAEF52B1367D0B3002F94A1 /* subclasses.pbxbtree in Resources */ = {isa = PBXBuildFile; fileRef = ADAEF3FF1367D0B2002F94A1 /* subclasses.pbxbtree */; };
		ADAEF52C1367D0B3002F94A1 /* symbols0.pbxsymbols in Resources */ = {isa = PBXBuildFile; fileRef = ADAEF4001367D0B2002F94A1 /* symbols0.pbxsymbols */; };
		ADAEF52D1367D0B3002F94A1 /* Tests-Info.plist in Resources */ = {isa = PBXBuildFile; fileRef = ADAEF4011367D0B2002F94A1 /* Tests-Info.plist */; };
		ADAEF5FA1367D0B3002F94A1 /* InstallDocumentation.sh in Resources */ = {isa = PBXBuildFile; fileRef = ADAEF4D71367D0B3002F94A1 /* InstallDocumentation.sh */; };
		ADAEF5FB1367D0B3002F94A1 /* RefreshOnlineDocs.sh in Resources */ = {isa = PBXBuildFile; fileRef = ADAEF4D81367D0B3002F94A1 /* RefreshOnlineDocs.sh */; };
		ADAEF5FC1367D0B3002F94A1 /* ReleaseChecklist.markdown in Resources */ = {isa = PBXBuildFile; fileRef = ADAEF4D91367D0B3002F94A1 /* ReleaseChecklist.markdown */; };
		ADAEF5FD1367D0B3002F94A1 /* Readme.markdown in Resources */ = {isa = PBXBuildFile; fileRef = ADAEF4DA1367D0B3002F94A1 /* Readme.markdown */; };
		ADAEF5FE1367D0B3002F94A1 /* LICENSE in Resources */ = {isa = PBXBuildFile; fileRef = ADAEF4DB1367D0B3002F94A1 /* LICENSE */; };
		ADAEF5FF1367D0B3002F94A1 /* libjsontests-Info.plist in Resources */ = {isa = PBXBuildFile; fileRef = ADAEF4DC1367D0B3002F94A1 /* libjsontests-Info.plist */; };
		ADAEF6001367D0B3002F94A1 /* JSON-Info.plist in Resources */ = {isa = PBXBuildFile; fileRef = ADAEF4DD1367D0B3002F94A1 /* JSON-Info.plist */; };
		ADAEF6011367D0B3002F94A1 /* Installation.markdown in Resources */ = {isa = PBXBuildFile; fileRef = ADAEF4DE1367D0B3002F94A1 /* Installation.markdown */; };
		ADAEF60F1367D0B3002F94A1 /* Credits.markdown in Resources */ = {isa = PBXBuildFile; fileRef = ADAEF4FF1367D0B3002F94A1 /* Credits.markdown */; };
		ADAEF6101367D0B3002F94A1 /* json2objc.html in Resources */ = {isa = PBXBuildFile; fileRef = ADAEF5011367D0B3002F94A1 /* json2objc.html */; };
		ADAEF6111367D0B3002F94A1 /* NSObject+JSON.m in Sources */ = {isa = PBXBuildFile; fileRef = ADAEF5051367D0B3002F94A1 /* NSObject+JSON.m */; };
		ADAEF6121367D0B3002F94A1 /* SBJsonParser.m in Sources */ = {isa = PBXBuildFile; fileRef = ADAEF5071367D0B3002F94A1 /* SBJsonParser.m */; };
		ADAEF6131367D0B3002F94A1 /* SBJsonStreamParser.m in Sources */ = {isa = PBXBuildFile; fileRef = ADAEF5091367D0B3002F94A1 /* SBJsonStreamParser.m */; };
		ADAEF6141367D0B3002F94A1 /* SBJsonStreamParserAdapter.m in Sources */ = {isa = PBXBuildFile; fileRef = ADAEF50B1367D0B3002F94A1 /* SBJsonStreamParserAdapter.m */; };
		ADAEF6151367D0B3002F94A1 /* SBJsonStreamParserState.m in Sources */ = {isa = PBXBuildFile; fileRef = ADAEF50D1367D0B3002F94A1 /* SBJsonStreamParserState.m */; };
		ADAEF6161367D0B3002F94A1 /* SBJsonStreamWriter.m in Sources */ = {isa = PBXBuildFile; fileRef = ADAEF50F1367D0B3002F94A1 /* SBJsonStreamWriter.m */; };
		ADAEF6171367D0B3002F94A1 /* SBJsonStreamWriterState.m in Sources */ = {isa = PBXBuildFile; fileRef = ADAEF5111367D0B3002F94A1 /* SBJsonStreamWriterState.m */; };
		ADAEF6181367D0B3002F94A1 /* SBJsonTokeniser.m in Sources */ = {isa = PBXBuildFile; fileRef = ADAEF5131367D0B3002F94A1 /* SBJsonTokeniser.m */; };
		ADAEF6191367D0B3002F94A1 /* SBJsonWriter.m in Sources */ = {isa = PBXBuildFile; fileRef = ADAEF5151367D0B3002F94A1 /* SBJsonWriter.m */; };
		ADAEF61A1367D0B3002F94A1 /* Changes.markdown in Resources */ = {isa = PBXBuildFile; fileRef = ADAEF5161367D0B3002F94A1 /* Changes.markdown */; };
		ADAEF6231367D38F002F94A1 /* Comm.m in Sources */ = {isa = PBXBuildFile; fileRef = ADAEF6221367D38F002F94A1 /* Comm.m */; };
		ADD5B36F139F2D9E009E5976 /* Facebook.m in Sources */ = {isa = PBXBuildFile; fileRef = ADD5B366139F2D9E009E5976 /* Facebook.m */; };
		ADD5B370139F2D9E009E5976 /* FBDialog.bundle in Resources */ = {isa = PBXBuildFile; fileRef = ADD5B368139F2D9E009E5976 /* FBDialog.bundle */; };
		ADD5B371139F2D9E009E5976 /* FBDialog.m in Sources */ = {isa = PBXBuildFile; fileRef = ADD5B36A139F2D9E009E5976 /* FBDialog.m */; };
		ADD5B372139F2D9E009E5976 /* FBLoginDialog.m in Sources */ = {isa = PBXBuildFile; fileRef = ADD5B36C139F2D9E009E5976 /* FBLoginDialog.m */; };
		ADD5B373139F2D9E009E5976 /* FBRequest.m in Sources */ = {isa = PBXBuildFile; fileRef = ADD5B36E139F2D9E009E5976 /* FBRequest.m */; };
		ADD5B383139F2E0E009E5976 /* NSString+SBJSON.m in Sources */ = {isa = PBXBuildFile; fileRef = ADD5B379139F2E0E009E5976 /* NSString+SBJSON.m */; };
		ADD5B384139F2E0E009E5976 /* SBJSON.m in Sources */ = {isa = PBXBuildFile; fileRef = ADD5B37B139F2E0E009E5976 /* SBJSON.m */; };
		ADD5B385139F2E0E009E5976 /* SBJsonBase.m in Sources */ = {isa = PBXBuildFile; fileRef = ADD5B37D139F2E0E009E5976 /* SBJsonBase.m */; };
		ADE1C3401396F10C00D28669 /* Quotify_logo.png in Resources */ = {isa = PBXBuildFile; fileRef = ADE1C33F1396F10C00D28669 /* Quotify_logo.png */; };
		DD560CEE139AC8640047A926 /* MapKit.framework in Frameworks */ = {isa = PBXBuildFile; fileRef = DD560CED139AC8640047A926 /* MapKit.framework */; };
		DDA57D69139827EA00498283 /* Quotify_logo_small.png in Resources */ = {isa = PBXBuildFile; fileRef = DDA57D68139827EA00498283 /* Quotify_logo_small.png */; };
		DDBD101A13944B7400A40AF4 /* SuccessViewController.m in Sources */ = {isa = PBXBuildFile; fileRef = DDBD101813944B7300A40AF4 /* SuccessViewController.m */; };
		DDBD101B13944B7400A40AF4 /* SuccessViewController.xib in Resources */ = {isa = PBXBuildFile; fileRef = DDBD101913944B7300A40AF4 /* SuccessViewController.xib */; };
		DDBD101F1394697700A40AF4 /* endQuoteMark.png in Resources */ = {isa = PBXBuildFile; fileRef = DDBD101D1394697700A40AF4 /* endQuoteMark.png */; };
		DDBD10201394697700A40AF4 /* beginQuoteMark.png in Resources */ = {isa = PBXBuildFile; fileRef = DDBD101E1394697700A40AF4 /* beginQuoteMark.png */; };
/* End PBXBuildFile section */

/* Begin PBXContainerItemProxy section */
		ADAEF3A81361E9A5002F94A1 /* PBXContainerItemProxy */ = {
			isa = PBXContainerItemProxy;
			containerPortal = ADAEF3771361E9A4002F94A1 /* Project object */;
			proxyType = 1;
			remoteGlobalIDString = ADAEF37F1361E9A4002F94A1;
			remoteInfo = Quotify;
		};
/* End PBXContainerItemProxy section */

/* Begin PBXFileReference section */
		AD1BCAEE13951149008EE90E /* blankBar.png */ = {isa = PBXFileReference; lastKnownFileType = image.png; path = blankBar.png; sourceTree = "<group>"; };
		AD1BCAF1139511F1008EE90E /* leatherBackground.png */ = {isa = PBXFileReference; lastKnownFileType = image.png; path = leatherBackground.png; sourceTree = "<group>"; };
		AD1BCAF313951704008EE90E /* QuotifyBackgroundColor.png */ = {isa = PBXFileReference; lastKnownFileType = image.png; path = QuotifyBackgroundColor.png; sourceTree = "<group>"; };
		AD6209CC139088120026C796 /* background.png */ = {isa = PBXFileReference; lastKnownFileType = image.png; path = background.png; sourceTree = "<group>"; };
		AD6209CF1390885B0026C796 /* cameraButton.png */ = {isa = PBXFileReference; lastKnownFileType = image.png; path = cameraButton.png; sourceTree = "<group>"; };
		AD6209D1139088FD0026C796 /* QuotifyButton.png */ = {isa = PBXFileReference; lastKnownFileType = image.png; path = QuotifyButton.png; sourceTree = "<group>"; };
		AD6209D313908B9F0026C796 /* topBar.png */ = {isa = PBXFileReference; lastKnownFileType = image.png; path = topBar.png; sourceTree = "<group>"; };
		AD6209D513908DEF0026C796 /* app_bg.png */ = {isa = PBXFileReference; lastKnownFileType = image.png; path = app_bg.png; sourceTree = "<group>"; };
		AD6209D7139092220026C796 /* addButton.png */ = {isa = PBXFileReference; lastKnownFileType = image.png; path = addButton.png; sourceTree = "<group>"; };
		AD7CECF8139A92CC003A0A37 /* CoreLocation.framework */ = {isa = PBXFileReference; lastKnownFileType = wrapper.framework; name = CoreLocation.framework; path = System/Library/Frameworks/CoreLocation.framework; sourceTree = SDKROOT; };
		AD7CECFA139A934A003A0A37 /* CoreLocationController.h */ = {isa = PBXFileReference; fileEncoding = 4; lastKnownFileType = sourcecode.c.h; name = CoreLocationController.h; path = ../CoreLocationController.h; sourceTree = "<group>"; };
		AD7CECFB139A934A003A0A37 /* CoreLocationController.m */ = {isa = PBXFileReference; fileEncoding = 4; lastKnownFileType = sourcecode.c.objc; name = CoreLocationController.m; path = ../CoreLocationController.m; sourceTree = "<group>"; };
		ADA2650F1396ACAD00F9155C /* Entitlements.plist */ = {isa = PBXFileReference; fileEncoding = 4; lastKnownFileType = text.plist.xml; path = Entitlements.plist; sourceTree = "<group>"; };
		ADAEF3801361E9A4002F94A1 /* Quotify.app */ = {isa = PBXFileReference; explicitFileType = wrapper.application; includeInIndex = 0; path = Quotify.app; sourceTree = BUILT_PRODUCTS_DIR; };
		ADAEF3841361E9A4002F94A1 /* UIKit.framework */ = {isa = PBXFileReference; lastKnownFileType = wrapper.framework; name = UIKit.framework; path = System/Library/Frameworks/UIKit.framework; sourceTree = SDKROOT; };
		ADAEF3861361E9A4002F94A1 /* Foundation.framework */ = {isa = PBXFileReference; lastKnownFileType = wrapper.framework; name = Foundation.framework; path = System/Library/Frameworks/Foundation.framework; sourceTree = SDKROOT; };
		ADAEF3881361E9A4002F94A1 /* CoreGraphics.framework */ = {isa = PBXFileReference; lastKnownFileType = wrapper.framework; name = CoreGraphics.framework; path = System/Library/Frameworks/CoreGraphics.framework; sourceTree = SDKROOT; };
		ADAEF38C1361E9A4002F94A1 /* Quotify-Info.plist */ = {isa = PBXFileReference; lastKnownFileType = text.plist.xml; path = "Quotify-Info.plist"; sourceTree = "<group>"; };
		ADAEF38E1361E9A4002F94A1 /* en */ = {isa = PBXFileReference; lastKnownFileType = text.plist.strings; name = en; path = en.lproj/InfoPlist.strings; sourceTree = "<group>"; };
		ADAEF3901361E9A4002F94A1 /* Quotify-Prefix.pch */ = {isa = PBXFileReference; lastKnownFileType = sourcecode.c.h; path = "Quotify-Prefix.pch"; sourceTree = "<group>"; };
		ADAEF3911361E9A4002F94A1 /* main.m */ = {isa = PBXFileReference; lastKnownFileType = sourcecode.c.objc; path = main.m; sourceTree = "<group>"; };
		ADAEF3931361E9A4002F94A1 /* QuotifyAppDelegate.h */ = {isa = PBXFileReference; lastKnownFileType = sourcecode.c.h; path = QuotifyAppDelegate.h; sourceTree = "<group>"; };
		ADAEF3941361E9A4002F94A1 /* QuotifyAppDelegate.m */ = {isa = PBXFileReference; lastKnownFileType = sourcecode.c.objc; path = QuotifyAppDelegate.m; sourceTree = "<group>"; };
		ADAEF3971361E9A4002F94A1 /* en */ = {isa = PBXFileReference; lastKnownFileType = file.xib; name = en; path = en.lproj/MainWindow.xib; sourceTree = "<group>"; };
		ADAEF3991361E9A4002F94A1 /* QuotifyViewController.h */ = {isa = PBXFileReference; lastKnownFileType = sourcecode.c.h; path = QuotifyViewController.h; sourceTree = "<group>"; };
		ADAEF39A1361E9A4002F94A1 /* QuotifyViewController.m */ = {isa = PBXFileReference; lastKnownFileType = sourcecode.c.objc; path = QuotifyViewController.m; sourceTree = "<group>"; };
		ADAEF39D1361E9A4002F94A1 /* en */ = {isa = PBXFileReference; lastKnownFileType = file.xib; name = en; path = en.lproj/QuotifyViewController.xib; sourceTree = "<group>"; };
		ADAEF3A41361E9A5002F94A1 /* QuotifyTests.octest */ = {isa = PBXFileReference; explicitFileType = wrapper.cfbundle; includeInIndex = 0; path = QuotifyTests.octest; sourceTree = BUILT_PRODUCTS_DIR; };
		ADAEF3AC1361E9A5002F94A1 /* QuotifyTests-Info.plist */ = {isa = PBXFileReference; lastKnownFileType = text.plist.xml; path = "QuotifyTests-Info.plist"; sourceTree = "<group>"; };
		ADAEF3AE1361E9A5002F94A1 /* en */ = {isa = PBXFileReference; lastKnownFileType = text.plist.strings; name = en; path = en.lproj/InfoPlist.strings; sourceTree = "<group>"; };
		ADAEF3B01361E9A5002F94A1 /* QuotifyTests-Prefix.pch */ = {isa = PBXFileReference; lastKnownFileType = sourcecode.c.h; path = "QuotifyTests-Prefix.pch"; sourceTree = "<group>"; };
		ADAEF3B11361E9A5002F94A1 /* QuotifyTests.h */ = {isa = PBXFileReference; lastKnownFileType = sourcecode.c.h; path = QuotifyTests.h; sourceTree = "<group>"; };
		ADAEF3B31361E9A5002F94A1 /* QuotifyTests.m */ = {isa = PBXFileReference; lastKnownFileType = sourcecode.c.objc; path = QuotifyTests.m; sourceTree = "<group>"; };
		ADAEF3D91367BAFC002F94A1 /* Quote.h */ = {isa = PBXFileReference; fileEncoding = 4; lastKnownFileType = sourcecode.c.h; name = Quote.h; path = Quotify.xcodeproj/Quote.h; sourceTree = SOURCE_ROOT; };
		ADAEF3DA1367BAFC002F94A1 /* Quote.m */ = {isa = PBXFileReference; fileEncoding = 4; lastKnownFileType = sourcecode.c.objc; name = Quote.m; path = Quotify.xcodeproj/Quote.m; sourceTree = SOURCE_ROOT; };
		ADAEF3F41367D0B2002F94A1 /* categories.pbxbtree */ = {isa = PBXFileReference; lastKnownFileType = file; path = categories.pbxbtree; sourceTree = "<group>"; };
		ADAEF3F51367D0B2002F94A1 /* cdecls.pbxbtree */ = {isa = PBXFileReference; lastKnownFileType = file; path = cdecls.pbxbtree; sourceTree = "<group>"; };
		ADAEF3F61367D0B2002F94A1 /* decls.pbxbtree */ = {isa = PBXFileReference; lastKnownFileType = file; path = decls.pbxbtree; sourceTree = "<group>"; };
		ADAEF3F71367D0B2002F94A1 /* files.pbxbtree */ = {isa = PBXFileReference; lastKnownFileType = file; path = files.pbxbtree; sourceTree = "<group>"; };
		ADAEF3F81367D0B2002F94A1 /* imports.pbxbtree */ = {isa = PBXFileReference; lastKnownFileType = file; path = imports.pbxbtree; sourceTree = "<group>"; };
		ADAEF3F91367D0B2002F94A1 /* pbxindex.header */ = {isa = PBXFileReference; lastKnownFileType = file; path = pbxindex.header; sourceTree = "<group>"; };
		ADAEF3FA1367D0B2002F94A1 /* protocols.pbxbtree */ = {isa = PBXFileReference; lastKnownFileType = file; path = protocols.pbxbtree; sourceTree = "<group>"; };
		ADAEF3FB1367D0B2002F94A1 /* refs.pbxbtree */ = {isa = PBXFileReference; lastKnownFileType = file; path = refs.pbxbtree; sourceTree = "<group>"; };
		ADAEF3FD1367D0B2002F94A1 /* control */ = {isa = PBXFileReference; lastKnownFileType = file; path = control; sourceTree = "<group>"; };
		ADAEF3FE1367D0B2002F94A1 /* strings */ = {isa = PBXFileReference; lastKnownFileType = file; path = strings; sourceTree = "<group>"; };
		ADAEF3FF1367D0B2002F94A1 /* subclasses.pbxbtree */ = {isa = PBXFileReference; lastKnownFileType = file; path = subclasses.pbxbtree; sourceTree = "<group>"; };
		ADAEF4001367D0B2002F94A1 /* symbols0.pbxsymbols */ = {isa = PBXFileReference; lastKnownFileType = file; path = symbols0.pbxsymbols; sourceTree = "<group>"; };
		ADAEF4011367D0B2002F94A1 /* Tests-Info.plist */ = {isa = PBXFileReference; fileEncoding = 4; lastKnownFileType = text.plist.xml; path = "Tests-Info.plist"; sourceTree = "<group>"; };
		ADAEF4D71367D0B3002F94A1 /* InstallDocumentation.sh */ = {isa = PBXFileReference; fileEncoding = 4; lastKnownFileType = text.script.sh; path = InstallDocumentation.sh; sourceTree = "<group>"; };
		ADAEF4D81367D0B3002F94A1 /* RefreshOnlineDocs.sh */ = {isa = PBXFileReference; fileEncoding = 4; lastKnownFileType = text.script.sh; path = RefreshOnlineDocs.sh; sourceTree = "<group>"; };
		ADAEF4D91367D0B3002F94A1 /* ReleaseChecklist.markdown */ = {isa = PBXFileReference; fileEncoding = 4; lastKnownFileType = text; path = ReleaseChecklist.markdown; sourceTree = "<group>"; };
		ADAEF4DA1367D0B3002F94A1 /* Readme.markdown */ = {isa = PBXFileReference; fileEncoding = 4; lastKnownFileType = text; path = Readme.markdown; sourceTree = "<group>"; };
		ADAEF4DB1367D0B3002F94A1 /* LICENSE */ = {isa = PBXFileReference; fileEncoding = 4; lastKnownFileType = text; path = LICENSE; sourceTree = "<group>"; };
		ADAEF4DC1367D0B3002F94A1 /* libjsontests-Info.plist */ = {isa = PBXFileReference; fileEncoding = 4; lastKnownFileType = text.plist.xml; path = "libjsontests-Info.plist"; sourceTree = "<group>"; };
		ADAEF4DD1367D0B3002F94A1 /* JSON-Info.plist */ = {isa = PBXFileReference; fileEncoding = 4; lastKnownFileType = text.plist.xml; path = "JSON-Info.plist"; sourceTree = "<group>"; };
		ADAEF4DE1367D0B3002F94A1 /* Installation.markdown */ = {isa = PBXFileReference; fileEncoding = 4; lastKnownFileType = text; path = Installation.markdown; sourceTree = "<group>"; };
		ADAEF4FF1367D0B3002F94A1 /* Credits.markdown */ = {isa = PBXFileReference; fileEncoding = 4; lastKnownFileType = text; path = Credits.markdown; sourceTree = "<group>"; };
		ADAEF5011367D0B3002F94A1 /* json2objc.html */ = {isa = PBXFileReference; fileEncoding = 4; lastKnownFileType = text.html; path = json2objc.html; sourceTree = "<group>"; };
		ADAEF5031367D0B3002F94A1 /* JSON.h */ = {isa = PBXFileReference; fileEncoding = 4; lastKnownFileType = sourcecode.c.h; path = JSON.h; sourceTree = "<group>"; };
		ADAEF5041367D0B3002F94A1 /* NSObject+JSON.h */ = {isa = PBXFileReference; fileEncoding = 4; lastKnownFileType = sourcecode.c.h; path = "NSObject+JSON.h"; sourceTree = "<group>"; };
		ADAEF5051367D0B3002F94A1 /* NSObject+JSON.m */ = {isa = PBXFileReference; fileEncoding = 4; lastKnownFileType = sourcecode.c.objc; path = "NSObject+JSON.m"; sourceTree = "<group>"; };
		ADAEF5061367D0B3002F94A1 /* SBJsonParser.h */ = {isa = PBXFileReference; fileEncoding = 4; lastKnownFileType = sourcecode.c.h; path = SBJsonParser.h; sourceTree = "<group>"; };
		ADAEF5071367D0B3002F94A1 /* SBJsonParser.m */ = {isa = PBXFileReference; fileEncoding = 4; lastKnownFileType = sourcecode.c.objc; path = SBJsonParser.m; sourceTree = "<group>"; };
		ADAEF5081367D0B3002F94A1 /* SBJsonStreamParser.h */ = {isa = PBXFileReference; fileEncoding = 4; lastKnownFileType = sourcecode.c.h; path = SBJsonStreamParser.h; sourceTree = "<group>"; };
		ADAEF5091367D0B3002F94A1 /* SBJsonStreamParser.m */ = {isa = PBXFileReference; fileEncoding = 4; lastKnownFileType = sourcecode.c.objc; path = SBJsonStreamParser.m; sourceTree = "<group>"; };
		ADAEF50A1367D0B3002F94A1 /* SBJsonStreamParserAdapter.h */ = {isa = PBXFileReference; fileEncoding = 4; lastKnownFileType = sourcecode.c.h; path = SBJsonStreamParserAdapter.h; sourceTree = "<group>"; };
		ADAEF50B1367D0B3002F94A1 /* SBJsonStreamParserAdapter.m */ = {isa = PBXFileReference; fileEncoding = 4; lastKnownFileType = sourcecode.c.objc; path = SBJsonStreamParserAdapter.m; sourceTree = "<group>"; };
		ADAEF50C1367D0B3002F94A1 /* SBJsonStreamParserState.h */ = {isa = PBXFileReference; fileEncoding = 4; lastKnownFileType = sourcecode.c.h; path = SBJsonStreamParserState.h; sourceTree = "<group>"; };
		ADAEF50D1367D0B3002F94A1 /* SBJsonStreamParserState.m */ = {isa = PBXFileReference; fileEncoding = 4; lastKnownFileType = sourcecode.c.objc; path = SBJsonStreamParserState.m; sourceTree = "<group>"; };
		ADAEF50E1367D0B3002F94A1 /* SBJsonStreamWriter.h */ = {isa = PBXFileReference; fileEncoding = 4; lastKnownFileType = sourcecode.c.h; path = SBJsonStreamWriter.h; sourceTree = "<group>"; };
		ADAEF50F1367D0B3002F94A1 /* SBJsonStreamWriter.m */ = {isa = PBXFileReference; fileEncoding = 4; lastKnownFileType = sourcecode.c.objc; path = SBJsonStreamWriter.m; sourceTree = "<group>"; };
		ADAEF5101367D0B3002F94A1 /* SBJsonStreamWriterState.h */ = {isa = PBXFileReference; fileEncoding = 4; lastKnownFileType = sourcecode.c.h; path = SBJsonStreamWriterState.h; sourceTree = "<group>"; };
		ADAEF5111367D0B3002F94A1 /* SBJsonStreamWriterState.m */ = {isa = PBXFileReference; fileEncoding = 4; lastKnownFileType = sourcecode.c.objc; path = SBJsonStreamWriterState.m; sourceTree = "<group>"; };
		ADAEF5121367D0B3002F94A1 /* SBJsonTokeniser.h */ = {isa = PBXFileReference; fileEncoding = 4; lastKnownFileType = sourcecode.c.h; path = SBJsonTokeniser.h; sourceTree = "<group>"; };
		ADAEF5131367D0B3002F94A1 /* SBJsonTokeniser.m */ = {isa = PBXFileReference; fileEncoding = 4; lastKnownFileType = sourcecode.c.objc; path = SBJsonTokeniser.m; sourceTree = "<group>"; };
		ADAEF5141367D0B3002F94A1 /* SBJsonWriter.h */ = {isa = PBXFileReference; fileEncoding = 4; lastKnownFileType = sourcecode.c.h; path = SBJsonWriter.h; sourceTree = "<group>"; };
		ADAEF5151367D0B3002F94A1 /* SBJsonWriter.m */ = {isa = PBXFileReference; fileEncoding = 4; lastKnownFileType = sourcecode.c.objc; path = SBJsonWriter.m; sourceTree = "<group>"; };
		ADAEF5161367D0B3002F94A1 /* Changes.markdown */ = {isa = PBXFileReference; fileEncoding = 4; lastKnownFileType = text; path = Changes.markdown; sourceTree = "<group>"; };
		ADAEF6211367D38F002F94A1 /* Comm.h */ = {isa = PBXFileReference; fileEncoding = 4; lastKnownFileType = sourcecode.c.h; path = Comm.h; sourceTree = "<group>"; };
		ADAEF6221367D38F002F94A1 /* Comm.m */ = {isa = PBXFileReference; fileEncoding = 4; lastKnownFileType = sourcecode.c.objc; path = Comm.m; sourceTree = "<group>"; };
		ADD5B365139F2D9E009E5976 /* Facebook.h */ = {isa = PBXFileReference; fileEncoding = 4; lastKnownFileType = sourcecode.c.h; name = Facebook.h; path = "../../FacebookAPI/facebook-ios-sdk/src/Facebook.h"; sourceTree = "<group>"; };
		ADD5B366139F2D9E009E5976 /* Facebook.m */ = {isa = PBXFileReference; fileEncoding = 4; lastKnownFileType = sourcecode.c.objc; name = Facebook.m; path = "../../FacebookAPI/facebook-ios-sdk/src/Facebook.m"; sourceTree = "<group>"; };
		ADD5B367139F2D9E009E5976 /* FBConnect.h */ = {isa = PBXFileReference; fileEncoding = 4; lastKnownFileType = sourcecode.c.h; name = FBConnect.h; path = "../../FacebookAPI/facebook-ios-sdk/src/FBConnect.h"; sourceTree = "<group>"; };
		ADD5B368139F2D9E009E5976 /* FBDialog.bundle */ = {isa = PBXFileReference; lastKnownFileType = "wrapper.plug-in"; name = FBDialog.bundle; path = "../../FacebookAPI/facebook-ios-sdk/src/FBDialog.bundle"; sourceTree = "<group>"; };
		ADD5B369139F2D9E009E5976 /* FBDialog.h */ = {isa = PBXFileReference; fileEncoding = 4; lastKnownFileType = sourcecode.c.h; name = FBDialog.h; path = "../../FacebookAPI/facebook-ios-sdk/src/FBDialog.h"; sourceTree = "<group>"; };
		ADD5B36A139F2D9E009E5976 /* FBDialog.m */ = {isa = PBXFileReference; fileEncoding = 4; lastKnownFileType = sourcecode.c.objc; name = FBDialog.m; path = "../../FacebookAPI/facebook-ios-sdk/src/FBDialog.m"; sourceTree = "<group>"; };
		ADD5B36B139F2D9E009E5976 /* FBLoginDialog.h */ = {isa = PBXFileReference; fileEncoding = 4; lastKnownFileType = sourcecode.c.h; name = FBLoginDialog.h; path = "../../FacebookAPI/facebook-ios-sdk/src/FBLoginDialog.h"; sourceTree = "<group>"; };
		ADD5B36C139F2D9E009E5976 /* FBLoginDialog.m */ = {isa = PBXFileReference; fileEncoding = 4; lastKnownFileType = sourcecode.c.objc; name = FBLoginDialog.m; path = "../../FacebookAPI/facebook-ios-sdk/src/FBLoginDialog.m"; sourceTree = "<group>"; };
		ADD5B36D139F2D9E009E5976 /* FBRequest.h */ = {isa = PBXFileReference; fileEncoding = 4; lastKnownFileType = sourcecode.c.h; name = FBRequest.h; path = "../../FacebookAPI/facebook-ios-sdk/src/FBRequest.h"; sourceTree = "<group>"; };
		ADD5B36E139F2D9E009E5976 /* FBRequest.m */ = {isa = PBXFileReference; fileEncoding = 4; lastKnownFileType = sourcecode.c.objc; name = FBRequest.m; path = "../../FacebookAPI/facebook-ios-sdk/src/FBRequest.m"; sourceTree = "<group>"; };
		ADD5B378139F2E0E009E5976 /* NSString+SBJSON.h */ = {isa = PBXFileReference; fileEncoding = 4; lastKnownFileType = sourcecode.c.h; name = "NSString+SBJSON.h"; path = "../FacebookAPI/facebook-ios-sdk/src/JSON/NSString+SBJSON.h"; sourceTree = "<group>"; };
		ADD5B379139F2E0E009E5976 /* NSString+SBJSON.m */ = {isa = PBXFileReference; fileEncoding = 4; lastKnownFileType = sourcecode.c.objc; name = "NSString+SBJSON.m"; path = "../FacebookAPI/facebook-ios-sdk/src/JSON/NSString+SBJSON.m"; sourceTree = "<group>"; };
		ADD5B37A139F2E0E009E5976 /* SBJSON.h */ = {isa = PBXFileReference; fileEncoding = 4; lastKnownFileType = sourcecode.c.h; name = SBJSON.h; path = "../FacebookAPI/facebook-ios-sdk/src/JSON/SBJSON.h"; sourceTree = "<group>"; };
		ADD5B37B139F2E0E009E5976 /* SBJSON.m */ = {isa = PBXFileReference; fileEncoding = 4; lastKnownFileType = sourcecode.c.objc; name = SBJSON.m; path = "../FacebookAPI/facebook-ios-sdk/src/JSON/SBJSON.m"; sourceTree = "<group>"; };
		ADD5B37C139F2E0E009E5976 /* SBJsonBase.h */ = {isa = PBXFileReference; fileEncoding = 4; lastKnownFileType = sourcecode.c.h; name = SBJsonBase.h; path = "../FacebookAPI/facebook-ios-sdk/src/JSON/SBJsonBase.h"; sourceTree = "<group>"; };
		ADD5B37D139F2E0E009E5976 /* SBJsonBase.m */ = {isa = PBXFileReference; fileEncoding = 4; lastKnownFileType = sourcecode.c.objc; name = SBJsonBase.m; path = "../FacebookAPI/facebook-ios-sdk/src/JSON/SBJsonBase.m"; sourceTree = "<group>"; };
		ADE1C33F1396F10C00D28669 /* Quotify_logo.png */ = {isa = PBXFileReference; lastKnownFileType = image.png; path = Quotify_logo.png; sourceTree = "<group>"; };
		DD560CED139AC8640047A926 /* MapKit.framework */ = {isa = PBXFileReference; lastKnownFileType = wrapper.framework; name = MapKit.framework; path = System/Library/Frameworks/MapKit.framework; sourceTree = SDKROOT; };
		DDA57D68139827EA00498283 /* Quotify_logo_small.png */ = {isa = PBXFileReference; lastKnownFileType = image.png; path = Quotify_logo_small.png; sourceTree = "<group>"; };
		DDBD101713944B7300A40AF4 /* SuccessViewController.h */ = {isa = PBXFileReference; fileEncoding = 4; lastKnownFileType = sourcecode.c.h; path = SuccessViewController.h; sourceTree = "<group>"; };
		DDBD101813944B7300A40AF4 /* SuccessViewController.m */ = {isa = PBXFileReference; fileEncoding = 4; lastKnownFileType = sourcecode.c.objc; path = SuccessViewController.m; sourceTree = "<group>"; };
		DDBD101913944B7300A40AF4 /* SuccessViewController.xib */ = {isa = PBXFileReference; fileEncoding = 4; lastKnownFileType = file.xib; path = SuccessViewController.xib; sourceTree = "<group>"; };
		DDBD101D1394697700A40AF4 /* endQuoteMark.png */ = {isa = PBXFileReference; lastKnownFileType = image.png; path = endQuoteMark.png; sourceTree = "<group>"; };
		DDBD101E1394697700A40AF4 /* beginQuoteMark.png */ = {isa = PBXFileReference; lastKnownFileType = image.png; path = beginQuoteMark.png; sourceTree = "<group>"; };
/* End PBXFileReference section */

/* Begin PBXFrameworksBuildPhase section */
		ADAEF37D1361E9A4002F94A1 /* Frameworks */ = {
			isa = PBXFrameworksBuildPhase;
			buildActionMask = 2147483647;
			files = (
				DD560CEE139AC8640047A926 /* MapKit.framework in Frameworks */,
				AD7CECF9139A92CC003A0A37 /* CoreLocation.framework in Frameworks */,
				ADAEF3851361E9A4002F94A1 /* UIKit.framework in Frameworks */,
				ADAEF3871361E9A4002F94A1 /* Foundation.framework in Frameworks */,
				ADAEF3891361E9A4002F94A1 /* CoreGraphics.framework in Frameworks */,
			);
			runOnlyForDeploymentPostprocessing = 0;
		};
		ADAEF3A01361E9A5002F94A1 /* Frameworks */ = {
			isa = PBXFrameworksBuildPhase;
			buildActionMask = 2147483647;
			files = (
				ADAEF3A51361E9A5002F94A1 /* UIKit.framework in Frameworks */,
				ADAEF3A61361E9A5002F94A1 /* Foundation.framework in Frameworks */,
				ADAEF3A71361E9A5002F94A1 /* CoreGraphics.framework in Frameworks */,
			);
			runOnlyForDeploymentPostprocessing = 0;
		};
/* End PBXFrameworksBuildPhase section */

/* Begin PBXGroup section */
		ADAEF3751361E9A4002F94A1 = {
			isa = PBXGroup;
			children = (
				DDA57D68139827EA00498283 /* Quotify_logo_small.png */,
				ADE1C33F1396F10C00D28669 /* Quotify_logo.png */,
				ADA2650F1396ACAD00F9155C /* Entitlements.plist */,
				ADAEF3F01367D089002F94A1 /* JSON */,
				ADD5B374139F2DF4009E5976 /* JSON (Facebook) */,
				ADD5B364139F2D7C009E5976 /* Facebook Connect */,
				ADAEF38A1361E9A4002F94A1 /* Quotify */,
				ADAEF3C01361EA7E002F94A1 /* View Files */,
				ADAEF3AA1361E9A5002F94A1 /* QuotifyTests */,
				ADAEF3831361E9A4002F94A1 /* Frameworks */,
				ADAEF3811361E9A4002F94A1 /* Products */,
			);
			sourceTree = "<group>";
		};
		ADAEF3811361E9A4002F94A1 /* Products */ = {
			isa = PBXGroup;
			children = (
				ADAEF3801361E9A4002F94A1 /* Quotify.app */,
				ADAEF3A41361E9A5002F94A1 /* QuotifyTests.octest */,
			);
			name = Products;
			sourceTree = "<group>";
		};
		ADAEF3831361E9A4002F94A1 /* Frameworks */ = {
			isa = PBXGroup;
			children = (
				DD560CED139AC8640047A926 /* MapKit.framework */,
				AD7CECF8139A92CC003A0A37 /* CoreLocation.framework */,
				ADAEF3841361E9A4002F94A1 /* UIKit.framework */,
				ADAEF3861361E9A4002F94A1 /* Foundation.framework */,
				ADAEF3881361E9A4002F94A1 /* CoreGraphics.framework */,
			);
			name = Frameworks;
			sourceTree = "<group>";
		};
		ADAEF38A1361E9A4002F94A1 /* Quotify */ = {
			isa = PBXGroup;
			children = (
				ADAEF3931361E9A4002F94A1 /* QuotifyAppDelegate.h */,
				ADAEF3941361E9A4002F94A1 /* QuotifyAppDelegate.m */,
				ADAEF3991361E9A4002F94A1 /* QuotifyViewController.h */,
				ADAEF39A1361E9A4002F94A1 /* QuotifyViewController.m */,
				DDBD101713944B7300A40AF4 /* SuccessViewController.h */,
				DDBD101813944B7300A40AF4 /* SuccessViewController.m */,
				AD7CECFA139A934A003A0A37 /* CoreLocationController.h */,
				AD7CECFB139A934A003A0A37 /* CoreLocationController.m */,
				ADAEF3C11361EAB2002F94A1 /* Model */,
				ADAEF38B1361E9A4002F94A1 /* Supporting Files */,
			);
			path = Quotify;
			sourceTree = "<group>";
		};
		ADAEF38B1361E9A4002F94A1 /* Supporting Files */ = {
			isa = PBXGroup;
			children = (
				ADAEF38C1361E9A4002F94A1 /* Quotify-Info.plist */,
				ADAEF38D1361E9A4002F94A1 /* InfoPlist.strings */,
				ADAEF3901361E9A4002F94A1 /* Quotify-Prefix.pch */,
				ADAEF3911361E9A4002F94A1 /* main.m */,
			);
			name = "Supporting Files";
			sourceTree = "<group>";
		};
		ADAEF3AA1361E9A5002F94A1 /* QuotifyTests */ = {
			isa = PBXGroup;
			children = (
				ADAEF3B11361E9A5002F94A1 /* QuotifyTests.h */,
				ADAEF3B31361E9A5002F94A1 /* QuotifyTests.m */,
				ADAEF3AB1361E9A5002F94A1 /* Supporting Files */,
			);
			path = QuotifyTests;
			sourceTree = "<group>";
		};
		ADAEF3AB1361E9A5002F94A1 /* Supporting Files */ = {
			isa = PBXGroup;
			children = (
				ADAEF3AC1361E9A5002F94A1 /* QuotifyTests-Info.plist */,
				ADAEF3AD1361E9A5002F94A1 /* InfoPlist.strings */,
				ADAEF3B01361E9A5002F94A1 /* QuotifyTests-Prefix.pch */,
			);
			name = "Supporting Files";
			sourceTree = "<group>";
		};
		ADAEF3C01361EA7E002F94A1 /* View Files */ = {
			isa = PBXGroup;
			children = (
				ADAEF3961361E9A4002F94A1 /* MainWindow.xib */,
				ADAEF39C1361E9A4002F94A1 /* QuotifyViewController.xib */,
				DDBD101913944B7300A40AF4 /* SuccessViewController.xib */,
				AD1BCAF313951704008EE90E /* QuotifyBackgroundColor.png */,
				AD6209D7139092220026C796 /* addButton.png */,
				AD6209D513908DEF0026C796 /* app_bg.png */,
				AD6209D313908B9F0026C796 /* topBar.png */,
				AD1BCAF1139511F1008EE90E /* leatherBackground.png */,
				AD1BCAEE13951149008EE90E /* blankBar.png */,
				DDBD101D1394697700A40AF4 /* endQuoteMark.png */,
				DDBD101E1394697700A40AF4 /* beginQuoteMark.png */,
				AD6209D1139088FD0026C796 /* QuotifyButton.png */,
				AD6209CF1390885B0026C796 /* cameraButton.png */,
				AD6209CC139088120026C796 /* background.png */,
			);
			name = "View Files";
			path = Quotify;
			sourceTree = "<group>";
		};
		ADAEF3C11361EAB2002F94A1 /* Model */ = {
			isa = PBXGroup;
			children = (
				ADAEF3D91367BAFC002F94A1 /* Quote.h */,
				ADAEF3DA1367BAFC002F94A1 /* Quote.m */,
				ADAEF6211367D38F002F94A1 /* Comm.h */,
				ADAEF6221367D38F002F94A1 /* Comm.m */,
			);
			name = Model;
			sourceTree = "<group>";
		};
		ADAEF3F01367D089002F94A1 /* JSON */ = {
			isa = PBXGroup;
			children = (
				ADAEF3F11367D0B2002F94A1 /* build */,
				ADAEF4011367D0B2002F94A1 /* Tests-Info.plist */,
				ADAEF4D61367D0B3002F94A1 /* Scripts */,
				ADAEF4D91367D0B3002F94A1 /* ReleaseChecklist.markdown */,
				ADAEF4DA1367D0B3002F94A1 /* Readme.markdown */,
				ADAEF4DB1367D0B3002F94A1 /* LICENSE */,
				ADAEF4DC1367D0B3002F94A1 /* libjsontests-Info.plist */,
				ADAEF4DD1367D0B3002F94A1 /* JSON-Info.plist */,
				ADAEF4DE1367D0B3002F94A1 /* Installation.markdown */,
				ADAEF4FF1367D0B3002F94A1 /* Credits.markdown */,
				ADAEF5001367D0B3002F94A1 /* Contrib */,
				ADAEF5021367D0B3002F94A1 /* Classes */,
				ADAEF5161367D0B3002F94A1 /* Changes.markdown */,
			);
			name = JSON;
			path = Quotify;
			sourceTree = "<group>";
		};
		ADAEF3F11367D0B2002F94A1 /* build */ = {
			isa = PBXGroup;
			children = (
				ADAEF3F21367D0B2002F94A1 /* JSON.build */,
			);
			path = build;
			sourceTree = "<group>";
		};
		ADAEF3F21367D0B2002F94A1 /* JSON.build */ = {
			isa = PBXGroup;
			children = (
				ADAEF3F31367D0B2002F94A1 /* JSON.pbxindex */,
			);
			path = JSON.build;
			sourceTree = "<group>";
		};
		ADAEF3F31367D0B2002F94A1 /* JSON.pbxindex */ = {
			isa = PBXGroup;
			children = (
				ADAEF3F41367D0B2002F94A1 /* categories.pbxbtree */,
				ADAEF3F51367D0B2002F94A1 /* cdecls.pbxbtree */,
				ADAEF3F61367D0B2002F94A1 /* decls.pbxbtree */,
				ADAEF3F71367D0B2002F94A1 /* files.pbxbtree */,
				ADAEF3F81367D0B2002F94A1 /* imports.pbxbtree */,
				ADAEF3F91367D0B2002F94A1 /* pbxindex.header */,
				ADAEF3FA1367D0B2002F94A1 /* protocols.pbxbtree */,
				ADAEF3FB1367D0B2002F94A1 /* refs.pbxbtree */,
				ADAEF3FC1367D0B2002F94A1 /* strings.pbxstrings */,
				ADAEF3FF1367D0B2002F94A1 /* subclasses.pbxbtree */,
				ADAEF4001367D0B2002F94A1 /* symbols0.pbxsymbols */,
			);
			path = JSON.pbxindex;
			sourceTree = "<group>";
		};
		ADAEF3FC1367D0B2002F94A1 /* strings.pbxstrings */ = {
			isa = PBXGroup;
			children = (
				ADAEF3FD1367D0B2002F94A1 /* control */,
				ADAEF3FE1367D0B2002F94A1 /* strings */,
			);
			path = strings.pbxstrings;
			sourceTree = "<group>";
		};
		ADAEF4D61367D0B3002F94A1 /* Scripts */ = {
			isa = PBXGroup;
			children = (
				ADAEF4D71367D0B3002F94A1 /* InstallDocumentation.sh */,
				ADAEF4D81367D0B3002F94A1 /* RefreshOnlineDocs.sh */,
			);
			path = Scripts;
			sourceTree = "<group>";
		};
		ADAEF5001367D0B3002F94A1 /* Contrib */ = {
			isa = PBXGroup;
			children = (
				ADAEF5011367D0B3002F94A1 /* json2objc.html */,
			);
			path = Contrib;
			sourceTree = "<group>";
		};
		ADAEF5021367D0B3002F94A1 /* Classes */ = {
			isa = PBXGroup;
			children = (
				ADAEF5031367D0B3002F94A1 /* JSON.h */,
				ADAEF5041367D0B3002F94A1 /* NSObject+JSON.h */,
				ADAEF5051367D0B3002F94A1 /* NSObject+JSON.m */,
				ADAEF5061367D0B3002F94A1 /* SBJsonParser.h */,
				ADAEF5071367D0B3002F94A1 /* SBJsonParser.m */,
				ADAEF5081367D0B3002F94A1 /* SBJsonStreamParser.h */,
				ADAEF5091367D0B3002F94A1 /* SBJsonStreamParser.m */,
				ADAEF50A1367D0B3002F94A1 /* SBJsonStreamParserAdapter.h */,
				ADAEF50B1367D0B3002F94A1 /* SBJsonStreamParserAdapter.m */,
				ADAEF50C1367D0B3002F94A1 /* SBJsonStreamParserState.h */,
				ADAEF50D1367D0B3002F94A1 /* SBJsonStreamParserState.m */,
				ADAEF50E1367D0B3002F94A1 /* SBJsonStreamWriter.h */,
				ADAEF50F1367D0B3002F94A1 /* SBJsonStreamWriter.m */,
				ADAEF5101367D0B3002F94A1 /* SBJsonStreamWriterState.h */,
				ADAEF5111367D0B3002F94A1 /* SBJsonStreamWriterState.m */,
				ADAEF5121367D0B3002F94A1 /* SBJsonTokeniser.h */,
				ADAEF5131367D0B3002F94A1 /* SBJsonTokeniser.m */,
				ADAEF5141367D0B3002F94A1 /* SBJsonWriter.h */,
				ADAEF5151367D0B3002F94A1 /* SBJsonWriter.m */,
			);
			path = Classes;
			sourceTree = "<group>";
		};
		ADD5B364139F2D7C009E5976 /* Facebook Connect */ = {
			isa = PBXGroup;
			children = (
				ADD5B365139F2D9E009E5976 /* Facebook.h */,
				ADD5B366139F2D9E009E5976 /* Facebook.m */,
				ADD5B367139F2D9E009E5976 /* FBConnect.h */,
				ADD5B368139F2D9E009E5976 /* FBDialog.bundle */,
				ADD5B369139F2D9E009E5976 /* FBDialog.h */,
				ADD5B36A139F2D9E009E5976 /* FBDialog.m */,
				ADD5B36B139F2D9E009E5976 /* FBLoginDialog.h */,
				ADD5B36C139F2D9E009E5976 /* FBLoginDialog.m */,
				ADD5B36D139F2D9E009E5976 /* FBRequest.h */,
				ADD5B36E139F2D9E009E5976 /* FBRequest.m */,
			);
			name = "Facebook Connect";
			path = Quotify;
			sourceTree = "<group>";
		};
		ADD5B374139F2DF4009E5976 /* JSON (Facebook) */ = {
			isa = PBXGroup;
			children = (
				ADD5B378139F2E0E009E5976 /* NSString+SBJSON.h */,
				ADD5B379139F2E0E009E5976 /* NSString+SBJSON.m */,
				ADD5B37A139F2E0E009E5976 /* SBJSON.h */,
				ADD5B37B139F2E0E009E5976 /* SBJSON.m */,
				ADD5B37C139F2E0E009E5976 /* SBJsonBase.h */,
				ADD5B37D139F2E0E009E5976 /* SBJsonBase.m */,
			);
			name = "JSON (Facebook)";
			sourceTree = "<group>";
		};
/* End PBXGroup section */

/* Begin PBXNativeTarget section */
		ADAEF37F1361E9A4002F94A1 /* Quotify */ = {
			isa = PBXNativeTarget;
			buildConfigurationList = ADAEF3B71361E9A5002F94A1 /* Build configuration list for PBXNativeTarget "Quotify" */;
			buildPhases = (
				ADAEF37C1361E9A4002F94A1 /* Sources */,
				ADAEF37D1361E9A4002F94A1 /* Frameworks */,
				ADAEF37E1361E9A4002F94A1 /* Resources */,
			);
			buildRules = (
			);
			dependencies = (
			);
			name = Quotify;
			productName = Quotify;
			productReference = ADAEF3801361E9A4002F94A1 /* Quotify.app */;
			productType = "com.apple.product-type.application";
		};
		ADAEF3A31361E9A5002F94A1 /* QuotifyTests */ = {
			isa = PBXNativeTarget;
			buildConfigurationList = ADAEF3BA1361E9A5002F94A1 /* Build configuration list for PBXNativeTarget "QuotifyTests" */;
			buildPhases = (
				ADAEF39F1361E9A5002F94A1 /* Sources */,
				ADAEF3A01361E9A5002F94A1 /* Frameworks */,
				ADAEF3A11361E9A5002F94A1 /* Resources */,
				ADAEF3A21361E9A5002F94A1 /* ShellScript */,
			);
			buildRules = (
			);
			dependencies = (
				ADAEF3A91361E9A5002F94A1 /* PBXTargetDependency */,
			);
			name = QuotifyTests;
			productName = QuotifyTests;
			productReference = ADAEF3A41361E9A5002F94A1 /* QuotifyTests.octest */;
			productType = "com.apple.product-type.bundle";
		};
/* End PBXNativeTarget section */

/* Begin PBXProject section */
		ADAEF3771361E9A4002F94A1 /* Project object */ = {
			isa = PBXProject;
			buildConfigurationList = ADAEF37A1361E9A4002F94A1 /* Build configuration list for PBXProject "Quotify" */;
			compatibilityVersion = "Xcode 3.2";
			developmentRegion = English;
			hasScannedForEncodings = 0;
			knownRegions = (
				en,
				English,
			);
			mainGroup = ADAEF3751361E9A4002F94A1;
			productRefGroup = ADAEF3811361E9A4002F94A1 /* Products */;
			projectDirPath = "";
			projectRoot = "";
			targets = (
				ADAEF37F1361E9A4002F94A1 /* Quotify */,
				ADAEF3A31361E9A5002F94A1 /* QuotifyTests */,
			);
		};
/* End PBXProject section */

/* Begin PBXResourcesBuildPhase section */
		ADAEF37E1361E9A4002F94A1 /* Resources */ = {
			isa = PBXResourcesBuildPhase;
			buildActionMask = 2147483647;
			files = (
				ADAEF38F1361E9A4002F94A1 /* InfoPlist.strings in Resources */,
				ADAEF3981361E9A4002F94A1 /* MainWindow.xib in Resources */,
				ADAEF39E1361E9A4002F94A1 /* QuotifyViewController.xib in Resources */,
				ADAEF5211367D0B3002F94A1 /* categories.pbxbtree in Resources */,
				ADAEF5221367D0B3002F94A1 /* cdecls.pbxbtree in Resources */,
				ADAEF5231367D0B3002F94A1 /* decls.pbxbtree in Resources */,
				ADAEF5241367D0B3002F94A1 /* files.pbxbtree in Resources */,
				ADAEF5251367D0B3002F94A1 /* imports.pbxbtree in Resources */,
				ADAEF5261367D0B3002F94A1 /* pbxindex.header in Resources */,
				ADAEF5271367D0B3002F94A1 /* protocols.pbxbtree in Resources */,
				ADAEF5281367D0B3002F94A1 /* refs.pbxbtree in Resources */,
				ADAEF5291367D0B3002F94A1 /* control in Resources */,
				ADAEF52A1367D0B3002F94A1 /* strings in Resources */,
				ADAEF52B1367D0B3002F94A1 /* subclasses.pbxbtree in Resources */,
				ADAEF52C1367D0B3002F94A1 /* symbols0.pbxsymbols in Resources */,
				ADAEF52D1367D0B3002F94A1 /* Tests-Info.plist in Resources */,
				ADAEF5FA1367D0B3002F94A1 /* InstallDocumentation.sh in Resources */,
				ADAEF5FB1367D0B3002F94A1 /* RefreshOnlineDocs.sh in Resources */,
				ADAEF5FC1367D0B3002F94A1 /* ReleaseChecklist.markdown in Resources */,
				ADAEF5FD1367D0B3002F94A1 /* Readme.markdown in Resources */,
				ADAEF5FE1367D0B3002F94A1 /* LICENSE in Resources */,
				ADAEF5FF1367D0B3002F94A1 /* libjsontests-Info.plist in Resources */,
				ADAEF6001367D0B3002F94A1 /* JSON-Info.plist in Resources */,
				ADAEF6011367D0B3002F94A1 /* Installation.markdown in Resources */,
				ADAEF60F1367D0B3002F94A1 /* Credits.markdown in Resources */,
				ADAEF6101367D0B3002F94A1 /* json2objc.html in Resources */,
				ADAEF61A1367D0B3002F94A1 /* Changes.markdown in Resources */,
				AD6209CD139088120026C796 /* background.png in Resources */,
				AD6209D01390885B0026C796 /* cameraButton.png in Resources */,
				AD6209D2139088FD0026C796 /* QuotifyButton.png in Resources */,
				AD6209D413908B9F0026C796 /* topBar.png in Resources */,
				AD6209D613908DEF0026C796 /* app_bg.png in Resources */,
				AD6209D8139092220026C796 /* addButton.png in Resources */,
				DDBD101B13944B7400A40AF4 /* SuccessViewController.xib in Resources */,
				DDBD101F1394697700A40AF4 /* endQuoteMark.png in Resources */,
				DDBD10201394697700A40AF4 /* beginQuoteMark.png in Resources */,
				AD1BCAEF13951149008EE90E /* blankBar.png in Resources */,
				AD1BCAF2139511F1008EE90E /* leatherBackground.png in Resources */,
				AD1BCAF413951704008EE90E /* QuotifyBackgroundColor.png in Resources */,
				ADA265101396ACAD00F9155C /* Entitlements.plist in Resources */,
				ADE1C3401396F10C00D28669 /* Quotify_logo.png in Resources */,
				DDA57D69139827EA00498283 /* Quotify_logo_small.png in Resources */,
				ADD5B370139F2D9E009E5976 /* FBDialog.bundle in Resources */,
			);
			runOnlyForDeploymentPostprocessing = 0;
		};
		ADAEF3A11361E9A5002F94A1 /* Resources */ = {
			isa = PBXResourcesBuildPhase;
			buildActionMask = 2147483647;
			files = (
				ADAEF3AF1361E9A5002F94A1 /* InfoPlist.strings in Resources */,
				ADAEF3B21361E9A5002F94A1 /* QuotifyTests.h in Resources */,
			);
			runOnlyForDeploymentPostprocessing = 0;
		};
/* End PBXResourcesBuildPhase section */

/* Begin PBXShellScriptBuildPhase section */
		ADAEF3A21361E9A5002F94A1 /* ShellScript */ = {
			isa = PBXShellScriptBuildPhase;
			buildActionMask = 2147483647;
			files = (
			);
			inputPaths = (
			);
			outputPaths = (
			);
			runOnlyForDeploymentPostprocessing = 0;
			shellPath = /bin/sh;
			shellScript = "# Run the unit tests in this test bundle.\n\"${SYSTEM_DEVELOPER_DIR}/Tools/RunUnitTests\"\n";
		};
/* End PBXShellScriptBuildPhase section */

/* Begin PBXSourcesBuildPhase section */
		ADAEF37C1361E9A4002F94A1 /* Sources */ = {
			isa = PBXSourcesBuildPhase;
			buildActionMask = 2147483647;
			files = (
				ADAEF3921361E9A4002F94A1 /* main.m in Sources */,
				ADAEF3951361E9A4002F94A1 /* QuotifyAppDelegate.m in Sources */,
				ADAEF39B1361E9A4002F94A1 /* QuotifyViewController.m in Sources */,
				ADAEF3DB1367BAFC002F94A1 /* Quote.m in Sources */,
				ADAEF6111367D0B3002F94A1 /* NSObject+JSON.m in Sources */,
				ADAEF6121367D0B3002F94A1 /* SBJsonParser.m in Sources */,
				ADAEF6131367D0B3002F94A1 /* SBJsonStreamParser.m in Sources */,
				ADAEF6141367D0B3002F94A1 /* SBJsonStreamParserAdapter.m in Sources */,
				ADAEF6151367D0B3002F94A1 /* SBJsonStreamParserState.m in Sources */,
				ADAEF6161367D0B3002F94A1 /* SBJsonStreamWriter.m in Sources */,
				ADAEF6171367D0B3002F94A1 /* SBJsonStreamWriterState.m in Sources */,
				ADAEF6181367D0B3002F94A1 /* SBJsonTokeniser.m in Sources */,
				ADAEF6191367D0B3002F94A1 /* SBJsonWriter.m in Sources */,
				ADAEF6231367D38F002F94A1 /* Comm.m in Sources */,
				DDBD101A13944B7400A40AF4 /* SuccessViewController.m in Sources */,
				AD7CECFC139A934A003A0A37 /* CoreLocationController.m in Sources */,
				ADD5B36F139F2D9E009E5976 /* Facebook.m in Sources */,
				ADD5B371139F2D9E009E5976 /* FBDialog.m in Sources */,
				ADD5B372139F2D9E009E5976 /* FBLoginDialog.m in Sources */,
				ADD5B373139F2D9E009E5976 /* FBRequest.m in Sources */,
				ADD5B383139F2E0E009E5976 /* NSString+SBJSON.m in Sources */,
				ADD5B384139F2E0E009E5976 /* SBJSON.m in Sources */,
				ADD5B385139F2E0E009E5976 /* SBJsonBase.m in Sources */,
			);
			runOnlyForDeploymentPostprocessing = 0;
		};
		ADAEF39F1361E9A5002F94A1 /* Sources */ = {
			isa = PBXSourcesBuildPhase;
			buildActionMask = 2147483647;
			files = (
				ADAEF3B41361E9A5002F94A1 /* QuotifyTests.m in Sources */,
			);
			runOnlyForDeploymentPostprocessing = 0;
		};
/* End PBXSourcesBuildPhase section */

/* Begin PBXTargetDependency section */
		ADAEF3A91361E9A5002F94A1 /* PBXTargetDependency */ = {
			isa = PBXTargetDependency;
			target = ADAEF37F1361E9A4002F94A1 /* Quotify */;
			targetProxy = ADAEF3A81361E9A5002F94A1 /* PBXContainerItemProxy */;
		};
/* End PBXTargetDependency section */

/* Begin PBXVariantGroup section */
		ADAEF38D1361E9A4002F94A1 /* InfoPlist.strings */ = {
			isa = PBXVariantGroup;
			children = (
				ADAEF38E1361E9A4002F94A1 /* en */,
			);
			name = InfoPlist.strings;
			sourceTree = "<group>";
		};
		ADAEF3961361E9A4002F94A1 /* MainWindow.xib */ = {
			isa = PBXVariantGroup;
			children = (
				ADAEF3971361E9A4002F94A1 /* en */,
			);
			name = MainWindow.xib;
			sourceTree = "<group>";
		};
		ADAEF39C1361E9A4002F94A1 /* QuotifyViewController.xib */ = {
			isa = PBXVariantGroup;
			children = (
				ADAEF39D1361E9A4002F94A1 /* en */,
			);
			name = QuotifyViewController.xib;
			sourceTree = "<group>";
		};
		ADAEF3AD1361E9A5002F94A1 /* InfoPlist.strings */ = {
			isa = PBXVariantGroup;
			children = (
				ADAEF3AE1361E9A5002F94A1 /* en */,
			);
			name = InfoPlist.strings;
			sourceTree = "<group>";
		};
/* End PBXVariantGroup section */

/* Begin XCBuildConfiguration section */
		ADA2650B1396AAC400F9155C /* Distribution */ = {
			isa = XCBuildConfiguration;
			buildSettings = {
				ARCHS = "$(ARCHS_STANDARD_32_BIT)";
				CODE_SIGN_IDENTITY = "iPhone Distribution: Max Rosenblatt";
				"CODE_SIGN_IDENTITY[sdk=iphoneos*]" = "iPhone Distribution: Max Rosenblatt";
				"CODE_SIGN_RESOURCE_RULES_PATH[sdk=iphoneos*]" = "";
				GCC_C_LANGUAGE_STANDARD = gnu99;
				GCC_VERSION = com.apple.compilers.llvmgcc42;
				GCC_WARN_ABOUT_RETURN_TYPE = YES;
				GCC_WARN_UNUSED_VARIABLE = YES;
				IPHONEOS_DEPLOYMENT_TARGET = 4.0;
				OTHER_CFLAGS = "-DNS_BLOCK_ASSERTIONS=1";
				PROVISIONING_PROFILE = "C8033766-E45A-4304-9907-BF5D8BE714E7";
				"PROVISIONING_PROFILE[sdk=iphoneos*]" = "C8033766-E45A-4304-9907-BF5D8BE714E7";
				SDKROOT = iphoneos;
			};
			name = Distribution;
		};
		ADA2650C1396AAC400F9155C /* Distribution */ = {
			isa = XCBuildConfiguration;
			buildSettings = {
				ALWAYS_SEARCH_USER_PATHS = NO;
				"CODE_SIGN_ENTITLEMENTS[sdk=iphoneos*]" = Entitlements.plist;
				CODE_SIGN_IDENTITY = "iPhone Distribution";
				COPY_PHASE_STRIP = YES;
				GCC_OPTIMIZATION_LEVEL = s;
				GCC_PRECOMPILE_PREFIX_HEADER = YES;
				GCC_PREFIX_HEADER = "Quotify/Quotify-Prefix.pch";
				INFOPLIST_FILE = "Quotify/Quotify-Info.plist";
				PRODUCT_NAME = "$(TARGET_NAME)";
				PROVISIONING_PROFILE = "";
				TARGETED_DEVICE_FAMILY = 1;
				VALIDATE_PRODUCT = YES;
				WRAPPER_EXTENSION = app;
			};
			name = Distribution;
		};
		ADA2650D1396AAC400F9155C /* Distribution */ = {
			isa = XCBuildConfiguration;
			buildSettings = {
				ALWAYS_SEARCH_USER_PATHS = NO;
				BUNDLE_LOADER = "$(BUILT_PRODUCTS_DIR)/Quotify.app/Quotify";
				FRAMEWORK_SEARCH_PATHS = (
					"$(SDKROOT)/Developer/Library/Frameworks",
					"$(DEVELOPER_LIBRARY_DIR)/Frameworks",
				);
				GCC_PRECOMPILE_PREFIX_HEADER = YES;
				GCC_PREFIX_HEADER = "QuotifyTests/QuotifyTests-Prefix.pch";
				INFOPLIST_FILE = "QuotifyTests/QuotifyTests-Info.plist";
				OTHER_LDFLAGS = (
					"-framework",
					SenTestingKit,
				);
				PRODUCT_NAME = "$(TARGET_NAME)";
				TEST_HOST = "$(BUNDLE_LOADER)";
				WRAPPER_EXTENSION = octest;
			};
			name = Distribution;
		};
		ADAEF3B51361E9A5002F94A1 /* Debug */ = {
			isa = XCBuildConfiguration;
			buildSettings = {
				ARCHS = "$(ARCHS_STANDARD_32_BIT)";
				CODE_SIGN_IDENTITY = "iPhone Developer";
				"CODE_SIGN_IDENTITY[sdk=iphoneos*]" = "iPhone Developer";
				GCC_C_LANGUAGE_STANDARD = gnu99;
				GCC_OPTIMIZATION_LEVEL = s;
				GCC_PREPROCESSOR_DEFINITIONS = DEBUG;
				GCC_SYMBOLS_PRIVATE_EXTERN = NO;
				GCC_VERSION = com.apple.compilers.llvmgcc42;
				GCC_WARN_ABOUT_RETURN_TYPE = YES;
				GCC_WARN_UNUSED_VARIABLE = YES;
				IPHONEOS_DEPLOYMENT_TARGET = 4.0;
				PROVISIONING_PROFILE = "";
				"PROVISIONING_PROFILE[sdk=iphoneos*]" = "";
				SDKROOT = iphoneos;
			};
			name = Debug;
		};
		ADAEF3B61361E9A5002F94A1 /* Release */ = {
			isa = XCBuildConfiguration;
			buildSettings = {
				ARCHS = "$(ARCHS_STANDARD_32_BIT)";
				CODE_SIGN_IDENTITY = "iPhone Distribution: Max Rosenblatt";
				"CODE_SIGN_IDENTITY[sdk=iphoneos*]" = "iPhone Distribution: Max Rosenblatt";
				GCC_C_LANGUAGE_STANDARD = gnu99;
				GCC_VERSION = com.apple.compilers.llvmgcc42;
				GCC_WARN_ABOUT_RETURN_TYPE = YES;
				GCC_WARN_UNUSED_VARIABLE = YES;
				IPHONEOS_DEPLOYMENT_TARGET = 4.0;
				OTHER_CFLAGS = "-DNS_BLOCK_ASSERTIONS=1";
				PROVISIONING_PROFILE = "C8033766-E45A-4304-9907-BF5D8BE714E7";
				"PROVISIONING_PROFILE[sdk=iphoneos*]" = "C8033766-E45A-4304-9907-BF5D8BE714E7";
				SDKROOT = iphoneos;
			};
			name = Release;
		};
		ADAEF3B81361E9A5002F94A1 /* Debug */ = {
			isa = XCBuildConfiguration;
			buildSettings = {
				ALWAYS_SEARCH_USER_PATHS = NO;
				CODE_SIGN_IDENTITY = "iPhone Developer";
				"CODE_SIGN_IDENTITY[sdk=iphoneos*]" = "iPhone Developer";
				COPY_PHASE_STRIP = NO;
				GCC_DYNAMIC_NO_PIC = NO;
				GCC_OPTIMIZATION_LEVEL = s;
				GCC_PRECOMPILE_PREFIX_HEADER = YES;
				GCC_PREFIX_HEADER = "Quotify/Quotify-Prefix.pch";
				INFOPLIST_FILE = "Quotify/Quotify-Info.plist";
				PRODUCT_NAME = "$(TARGET_NAME)";
				PROVISIONING_PROFILE = "";
				"PROVISIONING_PROFILE[sdk=iphoneos*]" = "";
				TARGETED_DEVICE_FAMILY = 1;
				WRAPPER_EXTENSION = app;
			};
			name = Debug;
		};
		ADAEF3B91361E9A5002F94A1 /* Release */ = {
			isa = XCBuildConfiguration;
			buildSettings = {
				ALWAYS_SEARCH_USER_PATHS = NO;
				CODE_SIGN_IDENTITY = "iPhone Developer";
				"CODE_SIGN_IDENTITY[sdk=iphoneos*]" = "iPhone Developer";
				COPY_PHASE_STRIP = YES;
				GCC_PRECOMPILE_PREFIX_HEADER = YES;
				GCC_PREFIX_HEADER = "Quotify/Quotify-Prefix.pch";
				INFOPLIST_FILE = "Quotify/Quotify-Info.plist";
				PRODUCT_NAME = "$(TARGET_NAME)";
				PROVISIONING_PROFILE = "";
				"PROVISIONING_PROFILE[sdk=iphoneos*]" = "";
				TARGETED_DEVICE_FAMILY = 1;
				VALIDATE_PRODUCT = YES;
				WRAPPER_EXTENSION = app;
			};
			name = Release;
		};
		ADAEF3BB1361E9A5002F94A1 /* Debug */ = {
			isa = XCBuildConfiguration;
			buildSettings = {
				ALWAYS_SEARCH_USER_PATHS = NO;
				BUNDLE_LOADER = "$(BUILT_PRODUCTS_DIR)/Quotify.app/Quotify";
				FRAMEWORK_SEARCH_PATHS = (
					"$(SDKROOT)/Developer/Library/Frameworks",
					"$(DEVELOPER_LIBRARY_DIR)/Frameworks",
				);
				GCC_PRECOMPILE_PREFIX_HEADER = YES;
				GCC_PREFIX_HEADER = "QuotifyTests/QuotifyTests-Prefix.pch";
				INFOPLIST_FILE = "QuotifyTests/QuotifyTests-Info.plist";
				OTHER_LDFLAGS = (
					"-framework",
					SenTestingKit,
				);
				PRODUCT_NAME = "$(TARGET_NAME)";
				TEST_HOST = "$(BUNDLE_LOADER)";
				WRAPPER_EXTENSION = octest;
			};
			name = Debug;
		};
		ADAEF3BC1361E9A5002F94A1 /* Release */ = {
			isa = XCBuildConfiguration;
			buildSettings = {
				ALWAYS_SEARCH_USER_PATHS = NO;
				BUNDLE_LOADER = "$(BUILT_PRODUCTS_DIR)/Quotify.app/Quotify";
				FRAMEWORK_SEARCH_PATHS = (
					"$(SDKROOT)/Developer/Library/Frameworks",
					"$(DEVELOPER_LIBRARY_DIR)/Frameworks",
				);
				GCC_PRECOMPILE_PREFIX_HEADER = YES;
				GCC_PREFIX_HEADER = "QuotifyTests/QuotifyTests-Prefix.pch";
				INFOPLIST_FILE = "QuotifyTests/QuotifyTests-Info.plist";
				OTHER_LDFLAGS = (
					"-framework",
					SenTestingKit,
				);
				PRODUCT_NAME = "$(TARGET_NAME)";
				TEST_HOST = "$(BUNDLE_LOADER)";
				WRAPPER_EXTENSION = octest;
			};
			name = Release;
		};
/* End XCBuildConfiguration section */

/* Begin XCConfigurationList section */
		ADAEF37A1361E9A4002F94A1 /* Build configuration list for PBXProject "Quotify" */ = {
			isa = XCConfigurationList;
			buildConfigurations = (
				ADAEF3B51361E9A5002F94A1 /* Debug */,
				ADAEF3B61361E9A5002F94A1 /* Release */,
				ADA2650B1396AAC400F9155C /* Distribution */,
			);
			defaultConfigurationIsVisible = 0;
			defaultConfigurationName = Debug;
		};
		ADAEF3B71361E9A5002F94A1 /* Build configuration list for PBXNativeTarget "Quotify" */ = {
			isa = XCConfigurationList;
			buildConfigurations = (
				ADAEF3B81361E9A5002F94A1 /* Debug */,
				ADAEF3B91361E9A5002F94A1 /* Release */,
				ADA2650C1396AAC400F9155C /* Distribution */,
			);
			defaultConfigurationIsVisible = 0;
			defaultConfigurationName = Debug;
		};
		ADAEF3BA1361E9A5002F94A1 /* Build configuration list for PBXNativeTarget "QuotifyTests" */ = {
			isa = XCConfigurationList;
			buildConfigurations = (
				ADAEF3BB1361E9A5002F94A1 /* Debug */,
				ADAEF3BC1361E9A5002F94A1 /* Release */,
				ADA2650D1396AAC400F9155C /* Distribution */,
			);
			defaultConfigurationIsVisible = 0;
			defaultConfigurationName = Debug;
		};
/* End XCConfigurationList section */
	};
	rootObject = ADAEF3771361E9A4002F94A1 /* Project object */;
}
